
Microsoft Visual Studio Solution File, Format Version 12.00
# Visual Studio Version 17
VisualStudioVersion = 17.13.35828.75 d17.13
MinimumVisualStudioVersion = 10.0.40219.1
Project("{FAE04EC0-301F-11D3-BF4B-00C04F79EFBC}") = "CrystalBridgeApi", "CrystalBridgeApi.csproj", "{4985E4B8-2CC7-4BDF-B2EE-CBF2EBE06A4A}"
EndProject
Global
	GlobalSection(SolutionConfigurationPlatforms) = preSolution
		Debug|Any CPU = Debug|Any CPU
		Release|Any CPU = Release|Any CPU
	EndGlobalSection
	GlobalSection(ProjectConfigurationPlatforms) = postSolution
		{4985E4B8-2CC7-4BDF-B2EE-CBF2EBE06A4A}.Debug|Any CPU.ActiveCfg = Debug|Any CPU
		{4985E4B8-2CC7-4BDF-B2EE-CBF2EBE06A4A}.Debug|Any CPU.Build.0 = Debug|Any CPU
		{4985E4B8-2CC7-4BDF-B2EE-CBF2EBE06A4A}.Release|Any CPU.ActiveCfg = Release|Any CPU
		{4985E4B8-2CC7-4BDF-B2EE-CBF2EBE06A4A}.Release|Any CPU.Build.0 = Release|Any CPU
	EndGlobalSection
	GlobalSection(SolutionProperties) = preSolution
		HideSolutionNode = FALSE
	EndGlobalSection
	GlobalSection(ExtensibilityGlobals) = postSolution
		SolutionGuid = {F998F789-5634-4B29-8A97-56AF0EC85CDA}
	EndGlobalSection
EndGlobal
